
Microsoft Visual Studio Solution File, Format Version 12.00
Project("{FAE04EC0-301F-11D3-BF4B-00C04F79EFBC}") = "Task1", "Task1\Task1.csproj", "{067371B2-FF49-471E-AE46-A099F7615B55}"
EndProject
Project("{FAE04EC0-301F-11D3-BF4B-00C04F79EFBC}") = "Task2", "Task2\Task2.csproj", "{23FF95D6-6ADD-401A-97D2-C2E740C92A8A}"
EndProject
Project("{FAE04EC0-301F-11D3-BF4B-00C04F79EFBC}") = "Task3", "Task3\Task3.csproj", "{D2DF2CEA-8968-4065-8F42-B92476E99895}"
EndProject
Project("{FAE04EC0-301F-11D3-BF4B-00C04F79EFBC}") = "Task4", "Task4\Task4.csproj", "{E479BB1B-0157-40E3-BBD4-E820BA367053}"
EndProject
Global
	GlobalSection(SolutionConfigurationPlatforms) = preSolution
		Debug|Any CPU = Debug|Any CPU
		Release|Any CPU = Release|Any CPU
	EndGlobalSection
	GlobalSection(ProjectConfigurationPlatforms) = postSolution
		{067371B2-FF49-471E-AE46-A099F7615B55}.Debug|Any CPU.ActiveCfg = Debug|Any CPU
		{067371B2-FF49-471E-AE46-A099F7615B55}.Debug|Any CPU.Build.0 = Debug|Any CPU
		{067371B2-FF49-471E-AE46-A099F7615B55}.Release|Any CPU.ActiveCfg = Release|Any CPU
		{067371B2-FF49-471E-AE46-A099F7615B55}.Release|Any CPU.Build.0 = Release|Any CPU
		{23FF95D6-6ADD-401A-97D2-C2E740C92A8A}.Debug|Any CPU.ActiveCfg = Debug|Any CPU
		{23FF95D6-6ADD-401A-97D2-C2E740C92A8A}.Debug|Any CPU.Build.0 = Debug|Any CPU
		{23FF95D6-6ADD-401A-97D2-C2E740C92A8A}.Release|Any CPU.ActiveCfg = Release|Any CPU
		{23FF95D6-6ADD-401A-97D2-C2E740C92A8A}.Release|Any CPU.Build.0 = Release|Any CPU
		{D2DF2CEA-8968-4065-8F42-B92476E99895}.Debug|Any CPU.ActiveCfg = Debug|Any CPU
		{D2DF2CEA-8968-4065-8F42-B92476E99895}.Debug|Any CPU.Build.0 = Debug|Any CPU
		{D2DF2CEA-8968-4065-8F42-B92476E99895}.Release|Any CPU.ActiveCfg = Release|Any CPU
		{D2DF2CEA-8968-4065-8F42-B92476E99895}.Release|Any CPU.Build.0 = Release|Any CPU
		{E479BB1B-0157-40E3-BBD4-E820BA367053}.Debug|Any CPU.ActiveCfg = Debug|Any CPU
		{E479BB1B-0157-40E3-BBD4-E820BA367053}.Debug|Any CPU.Build.0 = Debug|Any CPU
		{E479BB1B-0157-40E3-BBD4-E820BA367053}.Release|Any CPU.ActiveCfg = Release|Any CPU
		{E479BB1B-0157-40E3-BBD4-E820BA367053}.Release|Any CPU.Build.0 = Release|Any CPU
	EndGlobalSection
EndGlobal
